
Microsoft Visual Studio Solution File, Format Version 12.00
# Visual Studio Version 17
VisualStudioVersion = 17.4.33205.214
MinimumVisualStudioVersion = 10.0.40219.1
Project("{FAE04EC0-301F-11D3-BF4B-00C04F79EFBC}") = "AKucher.Tasks.Blazor", "AKucher.Tasks.Blazor\AKucher.Tasks.Blazor.csproj", "{8255EF7D-CB7F-4119-BAC9-DF449C484583}"
EndProject
Project("{FAE04EC0-301F-11D3-BF4B-00C04F79EFBC}") = "AKucher.Tasks.Module", "AKucher.Tasks.Module\AKucher.Tasks.Module.csproj", "{79AF9814-6C97-4FD0-8B5F-F72B3B2C6643}"
EndProject
Global
	GlobalSection(SolutionConfigurationPlatforms) = preSolution
		Debug|Any CPU = Debug|Any CPU
		Release|Any CPU = Release|Any CPU
	EndGlobalSection
	GlobalSection(ProjectConfigurationPlatforms) = postSolution
		{8255EF7D-CB7F-4119-BAC9-DF449C484583}.Debug|Any CPU.ActiveCfg = Debug|Any CPU
		{8255EF7D-CB7F-4119-BAC9-DF449C484583}.Debug|Any CPU.Build.0 = Debug|Any CPU
		{8255EF7D-CB7F-4119-BAC9-DF449C484583}.Release|Any CPU.ActiveCfg = Release|Any CPU
		{8255EF7D-CB7F-4119-BAC9-DF449C484583}.Release|Any CPU.Build.0 = Release|Any CPU
		{79AF9814-6C97-4FD0-8B5F-F72B3B2C6643}.Debug|Any CPU.ActiveCfg = Debug|Any CPU
		{79AF9814-6C97-4FD0-8B5F-F72B3B2C6643}.Debug|Any CPU.Build.0 = Debug|Any CPU
		{79AF9814-6C97-4FD0-8B5F-F72B3B2C6643}.Release|Any CPU.ActiveCfg = Release|Any CPU
		{79AF9814-6C97-4FD0-8B5F-F72B3B2C6643}.Release|Any CPU.Build.0 = Release|Any CPU
	EndGlobalSection
	GlobalSection(SolutionProperties) = preSolution
		HideSolutionNode = FALSE
	EndGlobalSection
	GlobalSection(ExtensibilityGlobals) = postSolution
		SolutionGuid = {53817180-2F10-4A39-A6B2-8C991C2097BB}
	EndGlobalSection
EndGlobal
